// !$*UTF8*$!
{
	archiveVersion = 1;
	classes = {
	};
	objectVersion = 46;
	objects = {

/* Begin PBXBuildFile section */
		3235B39D1841D35A001E711A /* Awesomium.framework in CopyFiles */ = {isa = PBXBuildFile; fileRef = FD3A07121841B4BC001B24AB /* Awesomium.framework */; };
		32724F681831611E000FCB2D /* all-clear.wav in Resources */ = {isa = PBXBuildFile; fileRef = 32724F581831611E000FCB2D /* all-clear.wav */; };
		32724F691831611E000FCB2D /* double.wav in Resources */ = {isa = PBXBuildFile; fileRef = 32724F591831611E000FCB2D /* double.wav */; };
		32724F6A1831611E000FCB2D /* drop.wav in Resources */ = {isa = PBXBuildFile; fileRef = 32724F5A1831611E000FCB2D /* drop.wav */; };
		32724F6B1831611E000FCB2D /* game-over.wav in Resources */ = {isa = PBXBuildFile; fileRef = 32724F5B1831611E000FCB2D /* game-over.wav */; };
		32724F6C1831611E000FCB2D /* level-up.wav in Resources */ = {isa = PBXBuildFile; fileRef = 32724F5C1831611E000FCB2D /* level-up.wav */; };
		32724F6D1831611E000FCB2D /* line-clear.wav in Resources */ = {isa = PBXBuildFile; fileRef = 32724F5D1831611E000FCB2D /* line-clear.wav */; };
		32724F6E1831611E000FCB2D /* menu-select.wav in Resources */ = {isa = PBXBuildFile; fileRef = 32724F5E1831611E000FCB2D /* menu-select.wav */; };
		32724F6F1831611E000FCB2D /* menu.wav in Resources */ = {isa = PBXBuildFile; fileRef = 32724F5F1831611E000FCB2D /* menu.wav */; };
		32724F701831611E000FCB2D /* move.wav in Resources */ = {isa = PBXBuildFile; fileRef = 32724F601831611E000FCB2D /* move.wav */; };
		32724F711831611E000FCB2D /* pause.wav in Resources */ = {isa = PBXBuildFile; fileRef = 32724F611831611E000FCB2D /* pause.wav */; };
		32724F721831611E000FCB2D /* rotate.wav in Resources */ = {isa = PBXBuildFile; fileRef = 32724F621831611E000FCB2D /* rotate.wav */; };
		32724F731831611E000FCB2D /* rotate1.wav in Resources */ = {isa = PBXBuildFile; fileRef = 32724F631831611E000FCB2D /* rotate1.wav */; };
		32724F741831611E000FCB2D /* rotate2.wav in Resources */ = {isa = PBXBuildFile; fileRef = 32724F641831611E000FCB2D /* rotate2.wav */; };
		32724F751831611E000FCB2D /* single.wav in Resources */ = {isa = PBXBuildFile; fileRef = 32724F651831611E000FCB2D /* single.wav */; };
		32724F761831611E000FCB2D /* tetris.wav in Resources */ = {isa = PBXBuildFile; fileRef = 32724F661831611E000FCB2D /* tetris.wav */; };
		32724F771831611E000FCB2D /* triple.wav in Resources */ = {isa = PBXBuildFile; fileRef = 32724F671831611E000FCB2D /* triple.wav */; };
		32724F781831618D000FCB2D /* worlds01.ogg in Resources */ = {isa = PBXBuildFile; fileRef = 32724F571831610F000FCB2D /* worlds01.ogg */; };
		32724F7A18317A43000FCB2D /* worlds02.ogg in Resources */ = {isa = PBXBuildFile; fileRef = 32724F7918317A3B000FCB2D /* worlds02.ogg */; };
		32724F871831857C000FCB2D /* worlds03.ogg in Resources */ = {isa = PBXBuildFile; fileRef = 32724F7B1831856C000FCB2D /* worlds03.ogg */; };
		32724F881831857C000FCB2D /* worlds04.ogg in Resources */ = {isa = PBXBuildFile; fileRef = 32724F7C1831856C000FCB2D /* worlds04.ogg */; };
		32724F891831857C000FCB2D /* worlds05.ogg in Resources */ = {isa = PBXBuildFile; fileRef = 32724F7D1831856C000FCB2D /* worlds05.ogg */; };
		32724F8A1831857C000FCB2D /* worlds06.ogg in Resources */ = {isa = PBXBuildFile; fileRef = 32724F7E1831856C000FCB2D /* worlds06.ogg */; };
		32724F8B1831857C000FCB2D /* worlds07.ogg in Resources */ = {isa = PBXBuildFile; fileRef = 32724F7F1831856C000FCB2D /* worlds07.ogg */; };
		32724F8C1831857C000FCB2D /* worlds08.ogg in Resources */ = {isa = PBXBuildFile; fileRef = 32724F801831856C000FCB2D /* worlds08.ogg */; };
		32724F8D1831857C000FCB2D /* worlds09.ogg in Resources */ = {isa = PBXBuildFile; fileRef = 32724F811831856C000FCB2D /* worlds09.ogg */; };
		32724F8E1831857C000FCB2D /* worlds10.ogg in Resources */ = {isa = PBXBuildFile; fileRef = 32724F821831856C000FCB2D /* worlds10.ogg */; };
		32724F8F1831857C000FCB2D /* worlds11.ogg in Resources */ = {isa = PBXBuildFile; fileRef = 32724F831831856C000FCB2D /* worlds11.ogg */; };
		32724F901831857C000FCB2D /* worlds12.ogg in Resources */ = {isa = PBXBuildFile; fileRef = 32724F841831856C000FCB2D /* worlds12.ogg */; };
		32724F911831857C000FCB2D /* worlds13.ogg in Resources */ = {isa = PBXBuildFile; fileRef = 32724F851831856C000FCB2D /* worlds13.ogg */; };
		32724F921831857C000FCB2D /* worlds14.ogg in Resources */ = {isa = PBXBuildFile; fileRef = 32724F861831856C000FCB2D /* worlds14.ogg */; };
		327275071830935F006D4E0F /* soundboard.cpp in Sources */ = {isa = PBXBuildFile; fileRef = 327275051830935F006D4E0F /* soundboard.cpp */; };
		3272750B1830A523006D4E0F /* sfml-audio.framework in Frameworks */ = {isa = PBXBuildFile; fileRef = 327275081830A523006D4E0F /* sfml-audio.framework */; };
		3272750C1830A523006D4E0F /* sfml-system.framework in Frameworks */ = {isa = PBXBuildFile; fileRef = 327275091830A523006D4E0F /* sfml-system.framework */; };
		3272750D1830A523006D4E0F /* SFML.framework in Frameworks */ = {isa = PBXBuildFile; fileRef = 3272750A1830A523006D4E0F /* SFML.framework */; };
		32AD906E171A68AB008E0827 /* tetromino.cpp in Sources */ = {isa = PBXBuildFile; fileRef = 32AD906C171A68AB008E0827 /* tetromino.cpp */; };
		32AD9077171B31DE008E0827 /* block.cpp in Sources */ = {isa = PBXBuildFile; fileRef = 32AD9075171B31DE008E0827 /* block.cpp */; };
		32DFB0381711073500515349 /* controller.cpp in Sources */ = {isa = PBXBuildFile; fileRef = 32DFB0371711073500515349 /* controller.cpp */; };
		32FFC0671710F65900667EFC /* Cocoa.framework in Frameworks */ = {isa = PBXBuildFile; fileRef = 32FFC0661710F65900667EFC /* Cocoa.framework */; };
		32FFC0731710F65900667EFC /* main.cpp in Sources */ = {isa = PBXBuildFile; fileRef = 32FFC0721710F65900667EFC /* main.cpp */; };
		32FFC07D1710F65900667EFC /* MainMenu.xib in Resources */ = {isa = PBXBuildFile; fileRef = 32FFC07B1710F65900667EFC /* MainMenu.xib */; };
		32FFC08A1710F8E500667EFC /* QuadBlocks.icns in Resources */ = {isa = PBXBuildFile; fileRef = 32FFC0891710F8E500667EFC /* QuadBlocks.icns */; };
		FD029129178BAD390097A871 /* ui.css in Resources */ = {isa = PBXBuildFile; fileRef = FD029128178BAD390097A871 /* ui.css */; };
		FD02912E178C71790097A871 /* basic.vert in Resources */ = {isa = PBXBuildFile; fileRef = FD16CB9B173DE27500688EDC /* basic.vert */; };
		FD02912F178C71790097A871 /* basic.frag in Resources */ = {isa = PBXBuildFile; fileRef = FD16CB9C173DE27500688EDC /* basic.frag */; };
		FD029130178C71790097A871 /* ui.vert in Resources */ = {isa = PBXBuildFile; fileRef = FDE7EBCA1784EBA100A30B8A /* ui.vert */; };
		FD029131178C71790097A871 /* ui.frag in Resources */ = {isa = PBXBuildFile; fileRef = FDE7EBCC1784EBAE00A30B8A /* ui.frag */; };
		FD029132178C71790097A871 /* ui.html in Resources */ = {isa = PBXBuildFile; fileRef = FD3C17511788583F00C0C8DD /* ui.html */; };
		FD029133178C71790097A871 /* ui.js in Resources */ = {isa = PBXBuildFile; fileRef = FD02912B178BB8E30097A871 /* ui.js */; };
		FD029136178C96730097A871 /* scorekeeper.cpp in Sources */ = {isa = PBXBuildFile; fileRef = FD029134178C96730097A871 /* scorekeeper.cpp */; };
		FD029139178CC2690097A871 /* keyboard.cpp in Sources */ = {isa = PBXBuildFile; fileRef = FD029137178CC2680097A871 /* keyboard.cpp */; };
		FD13B3211735FF9800705C91 /* mesh.cpp in Sources */ = {isa = PBXBuildFile; fileRef = FD13B31F1735FF9800705C91 /* mesh.cpp */; };
		FD16CB9317361D2200688EDC /* ResourcePath.mm in Sources */ = {isa = PBXBuildFile; fileRef = FD16CB9117361D2200688EDC /* ResourcePath.mm */; };
		FD16CB97173B0EF000688EDC /* utility.cpp in Sources */ = {isa = PBXBuildFile; fileRef = FD16CB95173B0EEF00688EDC /* utility.cpp */; };
		FD16CBB31748920800688EDC /* camera.cpp in Sources */ = {isa = PBXBuildFile; fileRef = FD16CBB11748920800688EDC /* camera.cpp */; };
		FD16CBB6175011A300688EDC /* world.cpp in Sources */ = {isa = PBXBuildFile; fileRef = FD16CBB4175011A200688EDC /* world.cpp */; };
		FD36E0231753EA660041A762 /* block.xml in Resources */ = {isa = PBXBuildFile; fileRef = FD36E0221753EA660041A762 /* block.xml */; };
		FD36E0261753FAD30041A762 /* light.cpp in Sources */ = {isa = PBXBuildFile; fileRef = FD36E0241753FAD30041A762 /* light.cpp */; };
		FD36E043175A925E0041A762 /* well.cpp in Sources */ = {isa = PBXBuildFile; fileRef = FD36E041175A925D0041A762 /* well.cpp */; };
		FD36E046175A933F0041A762 /* garbage.cpp in Sources */ = {isa = PBXBuildFile; fileRef = FD36E044175A933F0041A762 /* garbage.cpp */; };
		FD36E04A175C260C0041A762 /* timer.cpp in Sources */ = {isa = PBXBuildFile; fileRef = FD36E049175C260C0041A762 /* timer.cpp */; };
		FD36E04D175C2BB10041A762 /* event_manager.cpp in Sources */ = {isa = PBXBuildFile; fileRef = FD36E04B175C2BB00041A762 /* event_manager.cpp */; };
		FD36E0511762BC070041A762 /* next_queue.cpp in Sources */ = {isa = PBXBuildFile; fileRef = FD36E04F1762BC060041A762 /* next_queue.cpp */; };
		FD3A07131841B4BC001B24AB /* Awesomium.framework in Frameworks */ = {isa = PBXBuildFile; fileRef = FD3A07121841B4BC001B24AB /* Awesomium.framework */; };
		FD3A07151841B790001B24AB /* sfml-audio.framework in CopyFiles */ = {isa = PBXBuildFile; fileRef = 327275081830A523006D4E0F /* sfml-audio.framework */; };
		FD3A07161841B790001B24AB /* sfml-system.framework in CopyFiles */ = {isa = PBXBuildFile; fileRef = 327275091830A523006D4E0F /* sfml-system.framework */; };
		FD3A07171841B790001B24AB /* SFML.framework in CopyFiles */ = {isa = PBXBuildFile; fileRef = 3272750A1830A523006D4E0F /* SFML.framework */; };
		FD3A07191841B819001B24AB /* Awesomium.framework in CopyFiles */ = {isa = PBXBuildFile; fileRef = FD3A07121841B4BC001B24AB /* Awesomium.framework */; };
		FD3CB0EA1791D56B0095C5B4 /* kicktable.cpp in Sources */ = {isa = PBXBuildFile; fileRef = FD3CB0E81791D56B0095C5B4 /* kicktable.cpp */; };
		FD3CB0ED17978F3C0095C5B4 /* menu.cpp in Sources */ = {isa = PBXBuildFile; fileRef = FD3CB0EB17978F3B0095C5B4 /* menu.cpp */; };
		FD9D30691841AEBE00BDFF9A /* OpenGL.framework in Frameworks */ = {isa = PBXBuildFile; fileRef = 32FFC0831710F6C100667EFC /* OpenGL.framework */; };
		FDE7EB961784A7F300A30B8A /* ui.cpp in Sources */ = {isa = PBXBuildFile; fileRef = FDE7EB941784A7F300A30B8A /* ui.cpp */; };
/* End PBXBuildFile section */

/* Begin PBXCopyFilesBuildPhase section */
		FD3A07181841B813001B24AB /* CopyFiles */ = {
			isa = PBXCopyFilesBuildPhase;
			buildActionMask = 2147483647;
			dstPath = "";
			dstSubfolderSpec = 6;
			files = (
				FD3A07191841B819001B24AB /* Awesomium.framework in CopyFiles */,
			);
			runOnlyForDeploymentPostprocessing = 0;
		};
		FD9D306A1841AFED00BDFF9A /* CopyFiles */ = {
			isa = PBXCopyFilesBuildPhase;
			buildActionMask = 2147483647;
			dstPath = "";
			dstSubfolderSpec = 10;
			files = (
				FD3A07151841B790001B24AB /* sfml-audio.framework in CopyFiles */,
				FD3A07161841B790001B24AB /* sfml-system.framework in CopyFiles */,
				FD3A07171841B790001B24AB /* SFML.framework in CopyFiles */,
				3235B39D1841D35A001E711A /* Awesomium.framework in CopyFiles */,
			);
			runOnlyForDeploymentPostprocessing = 0;
		};
/* End PBXCopyFilesBuildPhase section */

/* Begin PBXFileReference section */
		32724F571831610F000FCB2D /* worlds01.ogg */ = {isa = PBXFileReference; lastKnownFileType = file; name = worlds01.ogg; path = music/worlds01.ogg; sourceTree = "<group>"; };
		32724F581831611E000FCB2D /* all-clear.wav */ = {isa = PBXFileReference; lastKnownFileType = audio.wav; name = "all-clear.wav"; path = "sounds/all-clear.wav"; sourceTree = "<group>"; };
		32724F591831611E000FCB2D /* double.wav */ = {isa = PBXFileReference; lastKnownFileType = audio.wav; name = double.wav; path = sounds/double.wav; sourceTree = "<group>"; };
		32724F5A1831611E000FCB2D /* drop.wav */ = {isa = PBXFileReference; lastKnownFileType = audio.wav; name = drop.wav; path = sounds/drop.wav; sourceTree = "<group>"; };
		32724F5B1831611E000FCB2D /* game-over.wav */ = {isa = PBXFileReference; lastKnownFileType = audio.wav; name = "game-over.wav"; path = "sounds/game-over.wav"; sourceTree = "<group>"; };
		32724F5C1831611E000FCB2D /* level-up.wav */ = {isa = PBXFileReference; lastKnownFileType = audio.wav; name = "level-up.wav"; path = "sounds/level-up.wav"; sourceTree = "<group>"; };
		32724F5D1831611E000FCB2D /* line-clear.wav */ = {isa = PBXFileReference; lastKnownFileType = audio.wav; name = "line-clear.wav"; path = "sounds/line-clear.wav"; sourceTree = "<group>"; };
		32724F5E1831611E000FCB2D /* menu-select.wav */ = {isa = PBXFileReference; lastKnownFileType = audio.wav; name = "menu-select.wav"; path = "sounds/menu-select.wav"; sourceTree = "<group>"; };
		32724F5F1831611E000FCB2D /* menu.wav */ = {isa = PBXFileReference; lastKnownFileType = audio.wav; name = menu.wav; path = sounds/menu.wav; sourceTree = "<group>"; };
		32724F601831611E000FCB2D /* move.wav */ = {isa = PBXFileReference; lastKnownFileType = audio.wav; name = move.wav; path = sounds/move.wav; sourceTree = "<group>"; };
		32724F611831611E000FCB2D /* pause.wav */ = {isa = PBXFileReference; lastKnownFileType = audio.wav; name = pause.wav; path = sounds/pause.wav; sourceTree = "<group>"; };
		32724F621831611E000FCB2D /* rotate.wav */ = {isa = PBXFileReference; lastKnownFileType = audio.wav; name = rotate.wav; path = sounds/rotate.wav; sourceTree = "<group>"; };
		32724F631831611E000FCB2D /* rotate1.wav */ = {isa = PBXFileReference; lastKnownFileType = audio.wav; name = rotate1.wav; path = sounds/rotate1.wav; sourceTree = "<group>"; };
		32724F641831611E000FCB2D /* rotate2.wav */ = {isa = PBXFileReference; lastKnownFileType = audio.wav; name = rotate2.wav; path = sounds/rotate2.wav; sourceTree = "<group>"; };
		32724F651831611E000FCB2D /* single.wav */ = {isa = PBXFileReference; lastKnownFileType = audio.wav; name = single.wav; path = sounds/single.wav; sourceTree = "<group>"; };
		32724F661831611E000FCB2D /* tetris.wav */ = {isa = PBXFileReference; lastKnownFileType = audio.wav; name = tetris.wav; path = sounds/tetris.wav; sourceTree = "<group>"; };
		32724F671831611E000FCB2D /* triple.wav */ = {isa = PBXFileReference; lastKnownFileType = audio.wav; name = triple.wav; path = sounds/triple.wav; sourceTree = "<group>"; };
		32724F7918317A3B000FCB2D /* worlds02.ogg */ = {isa = PBXFileReference; lastKnownFileType = file; name = worlds02.ogg; path = music/worlds02.ogg; sourceTree = "<group>"; };
		32724F7B1831856C000FCB2D /* worlds03.ogg */ = {isa = PBXFileReference; lastKnownFileType = file; name = worlds03.ogg; path = music/worlds03.ogg; sourceTree = "<group>"; };
		32724F7C1831856C000FCB2D /* worlds04.ogg */ = {isa = PBXFileReference; lastKnownFileType = file; name = worlds04.ogg; path = music/worlds04.ogg; sourceTree = "<group>"; };
		32724F7D1831856C000FCB2D /* worlds05.ogg */ = {isa = PBXFileReference; lastKnownFileType = file; name = worlds05.ogg; path = music/worlds05.ogg; sourceTree = "<group>"; };
		32724F7E1831856C000FCB2D /* worlds06.ogg */ = {isa = PBXFileReference; lastKnownFileType = file; name = worlds06.ogg; path = music/worlds06.ogg; sourceTree = "<group>"; };
		32724F7F1831856C000FCB2D /* worlds07.ogg */ = {isa = PBXFileReference; lastKnownFileType = file; name = worlds07.ogg; path = music/worlds07.ogg; sourceTree = "<group>"; };
		32724F801831856C000FCB2D /* worlds08.ogg */ = {isa = PBXFileReference; lastKnownFileType = file; name = worlds08.ogg; path = music/worlds08.ogg; sourceTree = "<group>"; };
		32724F811831856C000FCB2D /* worlds09.ogg */ = {isa = PBXFileReference; lastKnownFileType = file; name = worlds09.ogg; path = music/worlds09.ogg; sourceTree = "<group>"; };
		32724F821831856C000FCB2D /* worlds10.ogg */ = {isa = PBXFileReference; lastKnownFileType = file; name = worlds10.ogg; path = music/worlds10.ogg; sourceTree = "<group>"; };
		32724F831831856C000FCB2D /* worlds11.ogg */ = {isa = PBXFileReference; lastKnownFileType = file; name = worlds11.ogg; path = music/worlds11.ogg; sourceTree = "<group>"; };
		32724F841831856C000FCB2D /* worlds12.ogg */ = {isa = PBXFileReference; lastKnownFileType = file; name = worlds12.ogg; path = music/worlds12.ogg; sourceTree = "<group>"; };
		32724F851831856C000FCB2D /* worlds13.ogg */ = {isa = PBXFileReference; lastKnownFileType = file; name = worlds13.ogg; path = music/worlds13.ogg; sourceTree = "<group>"; };
		32724F861831856C000FCB2D /* worlds14.ogg */ = {isa = PBXFileReference; lastKnownFileType = file; name = worlds14.ogg; path = music/worlds14.ogg; sourceTree = "<group>"; };
		327275051830935F006D4E0F /* soundboard.cpp */ = {isa = PBXFileReference; fileEncoding = 4; lastKnownFileType = sourcecode.cpp.cpp; path = soundboard.cpp; sourceTree = "<group>"; };
		327275061830935F006D4E0F /* soundboard.h */ = {isa = PBXFileReference; fileEncoding = 4; lastKnownFileType = sourcecode.c.h; path = soundboard.h; sourceTree = "<group>"; };
		327275081830A523006D4E0F /* sfml-audio.framework */ = {isa = PBXFileReference; lastKnownFileType = wrapper.framework; name = "sfml-audio.framework"; path = "../../../../../Library/Frameworks/sfml-audio.framework"; sourceTree = "<group>"; };
		327275091830A523006D4E0F /* sfml-system.framework */ = {isa = PBXFileReference; lastKnownFileType = wrapper.framework; name = "sfml-system.framework"; path = "../../../../../Library/Frameworks/sfml-system.framework"; sourceTree = "<group>"; };
		3272750A1830A523006D4E0F /* SFML.framework */ = {isa = PBXFileReference; lastKnownFileType = wrapper.framework; name = SFML.framework; path = ../../../../../Library/Frameworks/SFML.framework; sourceTree = "<group>"; };
		32AD906C171A68AB008E0827 /* tetromino.cpp */ = {isa = PBXFileReference; fileEncoding = 4; lastKnownFileType = sourcecode.cpp.cpp; path = tetromino.cpp; sourceTree = "<group>"; };
		32AD906D171A68AB008E0827 /* tetromino.h */ = {isa = PBXFileReference; fileEncoding = 4; lastKnownFileType = sourcecode.c.h; path = tetromino.h; sourceTree = "<group>"; };
		32AD9075171B31DE008E0827 /* block.cpp */ = {isa = PBXFileReference; fileEncoding = 4; lastKnownFileType = sourcecode.cpp.cpp; path = block.cpp; sourceTree = "<group>"; };
		32AD9076171B31DE008E0827 /* block.h */ = {isa = PBXFileReference; fileEncoding = 4; lastKnownFileType = sourcecode.c.h; path = block.h; sourceTree = "<group>"; };
		32DFB0361711073500515349 /* controller.h */ = {isa = PBXFileReference; fileEncoding = 4; lastKnownFileType = sourcecode.c.h; path = controller.h; sourceTree = "<group>"; };
		32DFB0371711073500515349 /* controller.cpp */ = {isa = PBXFileReference; fileEncoding = 4; lastKnownFileType = sourcecode.cpp.cpp; path = controller.cpp; sourceTree = "<group>"; };
		32DFB03917110B1C00515349 /* QuadBlocks.iconset */ = {isa = PBXFileReference; lastKnownFileType = folder.iconset; path = QuadBlocks.iconset; sourceTree = SOURCE_ROOT; };
		32DFB03A17110B1C00515349 /* quadblocks.png */ = {isa = PBXFileReference; lastKnownFileType = image.png; path = quadblocks.png; sourceTree = SOURCE_ROOT; };
		32FFC0631710F65900667EFC /* QuadBlocks.app */ = {isa = PBXFileReference; explicitFileType = wrapper.application; includeInIndex = 0; path = QuadBlocks.app; sourceTree = BUILT_PRODUCTS_DIR; };
		32FFC0661710F65900667EFC /* Cocoa.framework */ = {isa = PBXFileReference; lastKnownFileType = wrapper.framework; name = Cocoa.framework; path = System/Library/Frameworks/Cocoa.framework; sourceTree = SDKROOT; };
		32FFC0691710F65900667EFC /* AppKit.framework */ = {isa = PBXFileReference; lastKnownFileType = wrapper.framework; name = AppKit.framework; path = System/Library/Frameworks/AppKit.framework; sourceTree = SDKROOT; };
		32FFC06A1710F65900667EFC /* CoreData.framework */ = {isa = PBXFileReference; lastKnownFileType = wrapper.framework; name = CoreData.framework; path = System/Library/Frameworks/CoreData.framework; sourceTree = SDKROOT; };
		32FFC06B1710F65900667EFC /* Foundation.framework */ = {isa = PBXFileReference; lastKnownFileType = wrapper.framework; name = Foundation.framework; path = System/Library/Frameworks/Foundation.framework; sourceTree = SDKROOT; };
		32FFC06E1710F65900667EFC /* QuadBlocks-Info.plist */ = {isa = PBXFileReference; lastKnownFileType = text.plist.xml; path = "QuadBlocks-Info.plist"; sourceTree = "<group>"; };
		32FFC0721710F65900667EFC /* main.cpp */ = {isa = PBXFileReference; lastKnownFileType = sourcecode.cpp.cpp; path = main.cpp; sourceTree = "<group>"; };
		32FFC07C1710F65900667EFC /* en */ = {isa = PBXFileReference; lastKnownFileType = file.xib; name = en; path = en.lproj/MainMenu.xib; sourceTree = "<group>"; };
		32FFC0831710F6C100667EFC /* OpenGL.framework */ = {isa = PBXFileReference; lastKnownFileType = wrapper.framework; name = OpenGL.framework; path = System/Library/Frameworks/OpenGL.framework; sourceTree = SDKROOT; };
		32FFC0891710F8E500667EFC /* QuadBlocks.icns */ = {isa = PBXFileReference; lastKnownFileType = image.icns; path = QuadBlocks.icns; sourceTree = SOURCE_ROOT; };
		FD029128178BAD390097A871 /* ui.css */ = {isa = PBXFileReference; fileEncoding = 4; lastKnownFileType = text.css; path = ui.css; sourceTree = "<group>"; xcLanguageSpecificationIdentifier = xcode.lang.css; };
		FD02912B178BB8E30097A871 /* ui.js */ = {isa = PBXFileReference; fileEncoding = 4; lastKnownFileType = sourcecode.javascript; path = ui.js; sourceTree = "<group>"; };
		FD029134178C96730097A871 /* scorekeeper.cpp */ = {isa = PBXFileReference; fileEncoding = 4; lastKnownFileType = sourcecode.cpp.cpp; path = scorekeeper.cpp; sourceTree = "<group>"; };
		FD029135178C96730097A871 /* scorekeeper.h */ = {isa = PBXFileReference; fileEncoding = 4; lastKnownFileType = sourcecode.c.h; path = scorekeeper.h; sourceTree = "<group>"; };
		FD029137178CC2680097A871 /* keyboard.cpp */ = {isa = PBXFileReference; fileEncoding = 4; lastKnownFileType = sourcecode.cpp.cpp; path = keyboard.cpp; sourceTree = "<group>"; };
		FD029138178CC2680097A871 /* keyboard.h */ = {isa = PBXFileReference; fileEncoding = 4; lastKnownFileType = sourcecode.c.h; path = keyboard.h; sourceTree = "<group>"; };
		FD13B31F1735FF9800705C91 /* mesh.cpp */ = {isa = PBXFileReference; fileEncoding = 4; lastKnownFileType = sourcecode.cpp.cpp; path = mesh.cpp; sourceTree = "<group>"; };
		FD13B3201735FF9800705C91 /* mesh.h */ = {isa = PBXFileReference; fileEncoding = 4; lastKnownFileType = sourcecode.c.h; path = mesh.h; sourceTree = "<group>"; };
		FD16CB9117361D2200688EDC /* ResourcePath.mm */ = {isa = PBXFileReference; fileEncoding = 4; lastKnownFileType = sourcecode.cpp.objcpp; path = ResourcePath.mm; sourceTree = "<group>"; };
		FD16CB9217361D2200688EDC /* ResourcePath.h */ = {isa = PBXFileReference; fileEncoding = 4; lastKnownFileType = sourcecode.c.h; path = ResourcePath.h; sourceTree = "<group>"; };
		FD16CB95173B0EEF00688EDC /* utility.cpp */ = {isa = PBXFileReference; fileEncoding = 4; lastKnownFileType = sourcecode.cpp.cpp; path = utility.cpp; sourceTree = "<group>"; };
		FD16CB96173B0EF000688EDC /* utility.h */ = {isa = PBXFileReference; fileEncoding = 4; lastKnownFileType = sourcecode.c.h; path = utility.h; sourceTree = "<group>"; };
		FD16CB9B173DE27500688EDC /* basic.vert */ = {isa = PBXFileReference; fileEncoding = 4; lastKnownFileType = sourcecode.glsl; path = basic.vert; sourceTree = "<group>"; xcLanguageSpecificationIdentifier = xcode.lang.glsl; };
		FD16CB9C173DE27500688EDC /* basic.frag */ = {isa = PBXFileReference; fileEncoding = 4; lastKnownFileType = sourcecode.glsl; path = basic.frag; sourceTree = "<group>"; xcLanguageSpecificationIdentifier = xcode.lang.glsl; };
		FD16CBB11748920800688EDC /* camera.cpp */ = {isa = PBXFileReference; fileEncoding = 4; lastKnownFileType = sourcecode.cpp.cpp; path = camera.cpp; sourceTree = "<group>"; };
		FD16CBB21748920800688EDC /* camera.h */ = {isa = PBXFileReference; fileEncoding = 4; lastKnownFileType = sourcecode.c.h; path = camera.h; sourceTree = "<group>"; };
		FD16CBB4175011A200688EDC /* world.cpp */ = {isa = PBXFileReference; fileEncoding = 4; lastKnownFileType = sourcecode.cpp.cpp; path = world.cpp; sourceTree = "<group>"; };
		FD16CBB5175011A300688EDC /* world.h */ = {isa = PBXFileReference; fileEncoding = 4; lastKnownFileType = sourcecode.c.h; path = world.h; sourceTree = "<group>"; };
		FD36E0221753EA660041A762 /* block.xml */ = {isa = PBXFileReference; fileEncoding = 4; lastKnownFileType = text.xml; path = block.xml; sourceTree = "<group>"; };
		FD36E0241753FAD30041A762 /* light.cpp */ = {isa = PBXFileReference; fileEncoding = 4; lastKnownFileType = sourcecode.cpp.cpp; path = light.cpp; sourceTree = "<group>"; };
		FD36E0251753FAD30041A762 /* light.h */ = {isa = PBXFileReference; fileEncoding = 4; lastKnownFileType = sourcecode.c.h; path = light.h; sourceTree = "<group>"; };
		FD36E041175A925D0041A762 /* well.cpp */ = {isa = PBXFileReference; fileEncoding = 4; lastKnownFileType = sourcecode.cpp.cpp; path = well.cpp; sourceTree = "<group>"; };
		FD36E042175A925D0041A762 /* well.h */ = {isa = PBXFileReference; fileEncoding = 4; lastKnownFileType = sourcecode.c.h; path = well.h; sourceTree = "<group>"; };
		FD36E044175A933F0041A762 /* garbage.cpp */ = {isa = PBXFileReference; fileEncoding = 4; lastKnownFileType = sourcecode.cpp.cpp; path = garbage.cpp; sourceTree = "<group>"; };
		FD36E045175A933F0041A762 /* garbage.h */ = {isa = PBXFileReference; fileEncoding = 4; lastKnownFileType = sourcecode.c.h; path = garbage.h; sourceTree = "<group>"; };
		FD36E047175AA0A50041A762 /* constants.h */ = {isa = PBXFileReference; lastKnownFileType = sourcecode.c.h; path = constants.h; sourceTree = "<group>"; };
		FD36E048175C260B0041A762 /* timer.h */ = {isa = PBXFileReference; fileEncoding = 4; lastKnownFileType = sourcecode.c.h; path = timer.h; sourceTree = "<group>"; };
		FD36E049175C260C0041A762 /* timer.cpp */ = {isa = PBXFileReference; fileEncoding = 4; lastKnownFileType = sourcecode.cpp.cpp; path = timer.cpp; sourceTree = "<group>"; };
		FD36E04B175C2BB00041A762 /* event_manager.cpp */ = {isa = PBXFileReference; fileEncoding = 4; lastKnownFileType = sourcecode.cpp.cpp; path = event_manager.cpp; sourceTree = "<group>"; };
		FD36E04C175C2BB10041A762 /* event_manager.h */ = {isa = PBXFileReference; fileEncoding = 4; lastKnownFileType = sourcecode.c.h; path = event_manager.h; sourceTree = "<group>"; };
		FD36E04E175C4EFD0041A762 /* features-list.txt */ = {isa = PBXFileReference; lastKnownFileType = text; path = "features-list.txt"; sourceTree = "<group>"; };
		FD36E04F1762BC060041A762 /* next_queue.cpp */ = {isa = PBXFileReference; fileEncoding = 4; lastKnownFileType = sourcecode.cpp.cpp; path = next_queue.cpp; sourceTree = "<group>"; };
		FD36E0501762BC070041A762 /* next_queue.h */ = {isa = PBXFileReference; fileEncoding = 4; lastKnownFileType = sourcecode.c.h; path = next_queue.h; sourceTree = "<group>"; };
		FD3A07121841B4BC001B24AB /* Awesomium.framework */ = {isa = PBXFileReference; lastKnownFileType = wrapper.framework; name = Awesomium.framework; path = QuadBlocks/Awesomium.framework; sourceTree = "<group>"; };
		FD3C17511788583F00C0C8DD /* ui.html */ = {isa = PBXFileReference; lastKnownFileType = text.html; path = ui.html; sourceTree = "<group>"; };
		FD3CB0E81791D56B0095C5B4 /* kicktable.cpp */ = {isa = PBXFileReference; fileEncoding = 4; lastKnownFileType = sourcecode.cpp.cpp; path = kicktable.cpp; sourceTree = "<group>"; };
		FD3CB0E91791D56B0095C5B4 /* kicktable.h */ = {isa = PBXFileReference; fileEncoding = 4; lastKnownFileType = sourcecode.c.h; path = kicktable.h; sourceTree = "<group>"; };
		FD3CB0EB17978F3B0095C5B4 /* menu.cpp */ = {isa = PBXFileReference; fileEncoding = 4; lastKnownFileType = sourcecode.cpp.cpp; path = menu.cpp; sourceTree = "<group>"; };
		FD3CB0EC17978F3C0095C5B4 /* menu.h */ = {isa = PBXFileReference; fileEncoding = 4; lastKnownFileType = sourcecode.c.h; path = menu.h; sourceTree = "<group>"; };
		FDE7EB941784A7F300A30B8A /* ui.cpp */ = {isa = PBXFileReference; fileEncoding = 4; lastKnownFileType = sourcecode.cpp.cpp; path = ui.cpp; sourceTree = "<group>"; };
		FDE7EB951784A7F300A30B8A /* ui.h */ = {isa = PBXFileReference; fileEncoding = 4; lastKnownFileType = sourcecode.c.h; path = ui.h; sourceTree = "<group>"; };
		FDE7EBCA1784EBA100A30B8A /* ui.vert */ = {isa = PBXFileReference; fileEncoding = 4; lastKnownFileType = sourcecode.glsl; path = ui.vert; sourceTree = "<group>"; xcLanguageSpecificationIdentifier = xcode.lang.glsl; };
		FDE7EBCC1784EBAE00A30B8A /* ui.frag */ = {isa = PBXFileReference; fileEncoding = 4; lastKnownFileType = sourcecode.glsl; path = ui.frag; sourceTree = "<group>"; xcLanguageSpecificationIdentifier = xcode.lang.glsl; };
/* End PBXFileReference section */

/* Begin PBXFrameworksBuildPhase section */
		32FFC0601710F65900667EFC /* Frameworks */ = {
			isa = PBXFrameworksBuildPhase;
			buildActionMask = 2147483647;
			files = (
				FD3A07131841B4BC001B24AB /* Awesomium.framework in Frameworks */,
				3272750B1830A523006D4E0F /* sfml-audio.framework in Frameworks */,
				3272750C1830A523006D4E0F /* sfml-system.framework in Frameworks */,
				3272750D1830A523006D4E0F /* SFML.framework in Frameworks */,
				32FFC0671710F65900667EFC /* Cocoa.framework in Frameworks */,
				FD9D30691841AEBE00BDFF9A /* OpenGL.framework in Frameworks */,
			);
			runOnlyForDeploymentPostprocessing = 0;
		};
/* End PBXFrameworksBuildPhase section */

/* Begin PBXGroup section */
		32724F55183160F2000FCB2D /* music */ = {
			isa = PBXGroup;
			children = (
				32724F571831610F000FCB2D /* worlds01.ogg */,
				32724F7918317A3B000FCB2D /* worlds02.ogg */,
				32724F7B1831856C000FCB2D /* worlds03.ogg */,
				32724F7C1831856C000FCB2D /* worlds04.ogg */,
				32724F7D1831856C000FCB2D /* worlds05.ogg */,
				32724F7E1831856C000FCB2D /* worlds06.ogg */,
				32724F7F1831856C000FCB2D /* worlds07.ogg */,
				32724F801831856C000FCB2D /* worlds08.ogg */,
				32724F811831856C000FCB2D /* worlds09.ogg */,
				32724F821831856C000FCB2D /* worlds10.ogg */,
				32724F831831856C000FCB2D /* worlds11.ogg */,
				32724F841831856C000FCB2D /* worlds12.ogg */,
				32724F851831856C000FCB2D /* worlds13.ogg */,
				32724F861831856C000FCB2D /* worlds14.ogg */,
			);
			name = music;
			sourceTree = "<group>";
		};
		32724F56183160F9000FCB2D /* sounds */ = {
			isa = PBXGroup;
			children = (
				32724F581831611E000FCB2D /* all-clear.wav */,
				32724F591831611E000FCB2D /* double.wav */,
				32724F5A1831611E000FCB2D /* drop.wav */,
				32724F5B1831611E000FCB2D /* game-over.wav */,
				32724F5C1831611E000FCB2D /* level-up.wav */,
				32724F5D1831611E000FCB2D /* line-clear.wav */,
				32724F5E1831611E000FCB2D /* menu-select.wav */,
				32724F5F1831611E000FCB2D /* menu.wav */,
				32724F601831611E000FCB2D /* move.wav */,
				32724F611831611E000FCB2D /* pause.wav */,
				32724F621831611E000FCB2D /* rotate.wav */,
				32724F631831611E000FCB2D /* rotate1.wav */,
				32724F641831611E000FCB2D /* rotate2.wav */,
				32724F651831611E000FCB2D /* single.wav */,
				32724F661831611E000FCB2D /* tetris.wav */,
				32724F671831611E000FCB2D /* triple.wav */,
			);
			name = sounds;
			sourceTree = "<group>";
		};
		32FFC05A1710F65900667EFC = {
			isa = PBXGroup;
			children = (
				32FFC06C1710F65900667EFC /* QuadBlocks */,
				32FFC0651710F65900667EFC /* Frameworks */,
				32FFC0641710F65900667EFC /* Products */,
			);
			sourceTree = "<group>";
		};
		32FFC0641710F65900667EFC /* Products */ = {
			isa = PBXGroup;
			children = (
				32FFC0631710F65900667EFC /* QuadBlocks.app */,
			);
			name = Products;
			sourceTree = "<group>";
		};
		32FFC0651710F65900667EFC /* Frameworks */ = {
			isa = PBXGroup;
			children = (
				FD3A07121841B4BC001B24AB /* Awesomium.framework */,
				32FFC0831710F6C100667EFC /* OpenGL.framework */,
				327275081830A523006D4E0F /* sfml-audio.framework */,
				327275091830A523006D4E0F /* sfml-system.framework */,
				3272750A1830A523006D4E0F /* SFML.framework */,
				32FFC0661710F65900667EFC /* Cocoa.framework */,
				32FFC0681710F65900667EFC /* Other Frameworks */,
			);
			name = Frameworks;
			sourceTree = "<group>";
		};
		32FFC0681710F65900667EFC /* Other Frameworks */ = {
			isa = PBXGroup;
			children = (
				32FFC0691710F65900667EFC /* AppKit.framework */,
				32FFC06A1710F65900667EFC /* CoreData.framework */,
				32FFC06B1710F65900667EFC /* Foundation.framework */,
			);
			name = "Other Frameworks";
			sourceTree = "<group>";
		};
		32FFC06C1710F65900667EFC /* QuadBlocks */ = {
			isa = PBXGroup;
			children = (
				FD36E04E175C4EFD0041A762 /* features-list.txt */,
				32AD9075171B31DE008E0827 /* block.cpp */,
				32AD9076171B31DE008E0827 /* block.h */,
				FD16CBB11748920800688EDC /* camera.cpp */,
				FD16CBB21748920800688EDC /* camera.h */,
				FD36E047175AA0A50041A762 /* constants.h */,
				32DFB0371711073500515349 /* controller.cpp */,
				32DFB0361711073500515349 /* controller.h */,
				FD36E04B175C2BB00041A762 /* event_manager.cpp */,
				FD36E04C175C2BB10041A762 /* event_manager.h */,
				FD36E044175A933F0041A762 /* garbage.cpp */,
				FD36E045175A933F0041A762 /* garbage.h */,
				FD029137178CC2680097A871 /* keyboard.cpp */,
				FD029138178CC2680097A871 /* keyboard.h */,
				FD3CB0E81791D56B0095C5B4 /* kicktable.cpp */,
				FD3CB0E91791D56B0095C5B4 /* kicktable.h */,
				FD36E0241753FAD30041A762 /* light.cpp */,
				FD36E0251753FAD30041A762 /* light.h */,
				32FFC0721710F65900667EFC /* main.cpp */,
				FD3CB0EB17978F3B0095C5B4 /* menu.cpp */,
				FD3CB0EC17978F3C0095C5B4 /* menu.h */,
				FD13B31F1735FF9800705C91 /* mesh.cpp */,
				FD13B3201735FF9800705C91 /* mesh.h */,
				FD36E04F1762BC060041A762 /* next_queue.cpp */,
				FD36E0501762BC070041A762 /* next_queue.h */,
				FD029134178C96730097A871 /* scorekeeper.cpp */,
				FD029135178C96730097A871 /* scorekeeper.h */,
				327275051830935F006D4E0F /* soundboard.cpp */,
				327275061830935F006D4E0F /* soundboard.h */,
				32AD906C171A68AB008E0827 /* tetromino.cpp */,
				32AD906D171A68AB008E0827 /* tetromino.h */,
				FD36E049175C260C0041A762 /* timer.cpp */,
				FD36E048175C260B0041A762 /* timer.h */,
				FDE7EB941784A7F300A30B8A /* ui.cpp */,
				FDE7EB951784A7F300A30B8A /* ui.h */,
				FD16CB95173B0EEF00688EDC /* utility.cpp */,
				FD16CB96173B0EF000688EDC /* utility.h */,
				FD36E041175A925D0041A762 /* well.cpp */,
				FD36E042175A925D0041A762 /* well.h */,
				FD16CBB4175011A200688EDC /* world.cpp */,
				FD16CBB5175011A300688EDC /* world.h */,
				FD16CB9F173DE28F00688EDC /* Shaders */,
				FD13B31E1735FD9A00705C91 /* Resources */,
				32FFC06D1710F65900667EFC /* Supporting Files */,
			);
			path = QuadBlocks;
			sourceTree = "<group>";
		};
		32FFC06D1710F65900667EFC /* Supporting Files */ = {
			isa = PBXGroup;
			children = (
				32FFC07B1710F65900667EFC /* MainMenu.xib */,
				FD16CB9217361D2200688EDC /* ResourcePath.h */,
				FD16CB9117361D2200688EDC /* ResourcePath.mm */,
				32DFB03917110B1C00515349 /* QuadBlocks.iconset */,
				32FFC0891710F8E500667EFC /* QuadBlocks.icns */,
				32DFB03A17110B1C00515349 /* quadblocks.png */,
				32FFC06E1710F65900667EFC /* QuadBlocks-Info.plist */,
			);
			name = "Supporting Files";
			sourceTree = "<group>";
		};
		FD13B31E1735FD9A00705C91 /* Resources */ = {
			isa = PBXGroup;
			children = (
				FD029128178BAD390097A871 /* ui.css */,
				FD3C17511788583F00C0C8DD /* ui.html */,
				FD02912B178BB8E30097A871 /* ui.js */,
				FD36E0221753EA660041A762 /* block.xml */,
				32724F55183160F2000FCB2D /* music */,
				32724F56183160F9000FCB2D /* sounds */,
			);
			name = Resources;
			sourceTree = "<group>";
		};
		FD16CB9F173DE28F00688EDC /* Shaders */ = {
			isa = PBXGroup;
			children = (
				FD16CB9B173DE27500688EDC /* basic.vert */,
				FD16CB9C173DE27500688EDC /* basic.frag */,
				FDE7EBCA1784EBA100A30B8A /* ui.vert */,
				FDE7EBCC1784EBAE00A30B8A /* ui.frag */,
			);
			name = Shaders;
			sourceTree = "<group>";
		};
/* End PBXGroup section */

/* Begin PBXNativeTarget section */
		32FFC0621710F65900667EFC /* QuadBlocks */ = {
			isa = PBXNativeTarget;
			buildConfigurationList = 32FFC0801710F65900667EFC /* Build configuration list for PBXNativeTarget "QuadBlocks" */;
			buildPhases = (
				32FFC05F1710F65900667EFC /* Sources */,
				32FFC0601710F65900667EFC /* Frameworks */,
				32FFC0611710F65900667EFC /* Resources */,
				FD9D306A1841AFED00BDFF9A /* CopyFiles */,
				FD3A07181841B813001B24AB /* CopyFiles */,
			);
			buildRules = (
			);
			dependencies = (
			);
			name = QuadBlocks;
			productName = Tetris;
			productReference = 32FFC0631710F65900667EFC /* QuadBlocks.app */;
			productType = "com.apple.product-type.application";
		};
/* End PBXNativeTarget section */

/* Begin PBXProject section */
		32FFC05B1710F65900667EFC /* Project object */ = {
			isa = PBXProject;
			attributes = {
				LastUpgradeCheck = 0500;
				ORGANIZATIONNAME = "Cam Allen";
			};
			buildConfigurationList = 32FFC05E1710F65900667EFC /* Build configuration list for PBXProject "QuadBlocks" */;
			compatibilityVersion = "Xcode 3.2";
			developmentRegion = English;
			hasScannedForEncodings = 0;
			knownRegions = (
				en,
			);
			mainGroup = 32FFC05A1710F65900667EFC;
			productRefGroup = 32FFC0641710F65900667EFC /* Products */;
			projectDirPath = "";
			projectRoot = "";
			targets = (
				32FFC0621710F65900667EFC /* QuadBlocks */,
			);
		};
/* End PBXProject section */

/* Begin PBXResourcesBuildPhase section */
		32FFC0611710F65900667EFC /* Resources */ = {
			isa = PBXResourcesBuildPhase;
			buildActionMask = 2147483647;
			files = (
				32724F781831618D000FCB2D /* worlds01.ogg in Resources */,
				32724F7A18317A43000FCB2D /* worlds02.ogg in Resources */,
				32724F871831857C000FCB2D /* worlds03.ogg in Resources */,
				32724F881831857C000FCB2D /* worlds04.ogg in Resources */,
				32724F891831857C000FCB2D /* worlds05.ogg in Resources */,
				32724F8A1831857C000FCB2D /* worlds06.ogg in Resources */,
				32724F8B1831857C000FCB2D /* worlds07.ogg in Resources */,
				32724F8C1831857C000FCB2D /* worlds08.ogg in Resources */,
				32724F8D1831857C000FCB2D /* worlds09.ogg in Resources */,
				32724F8E1831857C000FCB2D /* worlds10.ogg in Resources */,
				32724F8F1831857C000FCB2D /* worlds11.ogg in Resources */,
				32724F901831857C000FCB2D /* worlds12.ogg in Resources */,
				32724F911831857C000FCB2D /* worlds13.ogg in Resources */,
				32724F921831857C000FCB2D /* worlds14.ogg in Resources */,
				32FFC07D1710F65900667EFC /* MainMenu.xib in Resources */,
				32FFC08A1710F8E500667EFC /* QuadBlocks.icns in Resources */,
				32724F6B1831611E000FCB2D /* game-over.wav in Resources */,
				32724F741831611E000FCB2D /* rotate2.wav in Resources */,
				32724F711831611E000FCB2D /* pause.wav in Resources */,
				32724F6E1831611E000FCB2D /* menu-select.wav in Resources */,
				FD36E0231753EA660041A762 /* block.xml in Resources */,
				FD02912E178C71790097A871 /* basic.vert in Resources */,
				FD02912F178C71790097A871 /* basic.frag in Resources */,
				32724F6D1831611E000FCB2D /* line-clear.wav in Resources */,
				FD029130178C71790097A871 /* ui.vert in Resources */,
				FD029131178C71790097A871 /* ui.frag in Resources */,
				32724F701831611E000FCB2D /* move.wav in Resources */,
				FD029132178C71790097A871 /* ui.html in Resources */,
				32724F6C1831611E000FCB2D /* level-up.wav in Resources */,
				32724F6A1831611E000FCB2D /* drop.wav in Resources */,
				32724F751831611E000FCB2D /* single.wav in Resources */,
				32724F681831611E000FCB2D /* all-clear.wav in Resources */,
				32724F771831611E000FCB2D /* triple.wav in Resources */,
				32724F761831611E000FCB2D /* tetris.wav in Resources */,
				32724F691831611E000FCB2D /* double.wav in Resources */,
				32724F6F1831611E000FCB2D /* menu.wav in Resources */,
				32724F721831611E000FCB2D /* rotate.wav in Resources */,
				FD029129178BAD390097A871 /* ui.css in Resources */,
				FD029133178C71790097A871 /* ui.js in Resources */,
				32724F731831611E000FCB2D /* rotate1.wav in Resources */,
			);
			runOnlyForDeploymentPostprocessing = 0;
		};
/* End PBXResourcesBuildPhase section */

/* Begin PBXSourcesBuildPhase section */
		32FFC05F1710F65900667EFC /* Sources */ = {
			isa = PBXSourcesBuildPhase;
			buildActionMask = 2147483647;
			files = (
				32DFB0381711073500515349 /* controller.cpp in Sources */,
				32AD906E171A68AB008E0827 /* tetromino.cpp in Sources */,
				32AD9077171B31DE008E0827 /* block.cpp in Sources */,
				FD13B3211735FF9800705C91 /* mesh.cpp in Sources */,
				FD16CB9317361D2200688EDC /* ResourcePath.mm in Sources */,
				FD16CB97173B0EF000688EDC /* utility.cpp in Sources */,
				327275071830935F006D4E0F /* soundboard.cpp in Sources */,
				FD16CBB31748920800688EDC /* camera.cpp in Sources */,
				FD16CBB6175011A300688EDC /* world.cpp in Sources */,
				FD36E0261753FAD30041A762 /* light.cpp in Sources */,
				FD36E043175A925E0041A762 /* well.cpp in Sources */,
				FD36E046175A933F0041A762 /* garbage.cpp in Sources */,
				FD36E04A175C260C0041A762 /* timer.cpp in Sources */,
				FD36E04D175C2BB10041A762 /* event_manager.cpp in Sources */,
				FD36E0511762BC070041A762 /* next_queue.cpp in Sources */,
				FDE7EB961784A7F300A30B8A /* ui.cpp in Sources */,
				FD029136178C96730097A871 /* scorekeeper.cpp in Sources */,
				FD029139178CC2690097A871 /* keyboard.cpp in Sources */,
				32FFC0731710F65900667EFC /* main.cpp in Sources */,
				FD3CB0EA1791D56B0095C5B4 /* kicktable.cpp in Sources */,
				FD3CB0ED17978F3C0095C5B4 /* menu.cpp in Sources */,
			);
			runOnlyForDeploymentPostprocessing = 0;
		};
/* End PBXSourcesBuildPhase section */

/* Begin PBXVariantGroup section */
		32FFC07B1710F65900667EFC /* MainMenu.xib */ = {
			isa = PBXVariantGroup;
			children = (
				32FFC07C1710F65900667EFC /* en */,
			);
			name = MainMenu.xib;
			sourceTree = "<group>";
		};
/* End PBXVariantGroup section */

/* Begin XCBuildConfiguration section */
		32FFC07E1710F65900667EFC /* Debug */ = {
			isa = XCBuildConfiguration;
			buildSettings = {
				ARCHS = "$(ARCHS_STANDARD_64_BIT)";
				CLANG_CXX_LANGUAGE_STANDARD = "gnu++0x";
				CLANG_CXX_LIBRARY = "libc++";
				CLANG_WARN_CONSTANT_CONVERSION = YES;
				CLANG_WARN_EMPTY_BODY = YES;
				CLANG_WARN_ENUM_CONVERSION = YES;
				CLANG_WARN_INT_CONVERSION = YES;
				CLANG_WARN__DUPLICATE_METHOD_MATCH = YES;
				COPY_PHASE_STRIP = NO;
				GCC_C_LANGUAGE_STANDARD = gnu99;
				GCC_ENABLE_OBJC_EXCEPTIONS = YES;
				GCC_PREPROCESSOR_DEFINITIONS = (
					"DEBUG=1",
					"$(inherited)",
				);
				GCC_WARN_64_TO_32_BIT_CONVERSION = YES;
				GCC_WARN_ABOUT_RETURN_TYPE = YES;
				GCC_WARN_UNINITIALIZED_AUTOS = YES;
				GCC_WARN_UNUSED_VARIABLE = YES;
				MACOSX_DEPLOYMENT_TARGET = 10.8;
				ONLY_ACTIVE_ARCH = YES;
				SDKROOT = macosx;
				VALID_ARCHS = i386;
			};
			name = Debug;
		};
		32FFC07F1710F65900667EFC /* Release */ = {
			isa = XCBuildConfiguration;
			buildSettings = {
				ARCHS = "$(ARCHS_STANDARD_64_BIT)";
				CLANG_CXX_LANGUAGE_STANDARD = "gnu++0x";
				CLANG_CXX_LIBRARY = "libc++";
				CLANG_WARN_CONSTANT_CONVERSION = YES;
				CLANG_WARN_EMPTY_BODY = YES;
				CLANG_WARN_ENUM_CONVERSION = YES;
				CLANG_WARN_INT_CONVERSION = YES;
				CLANG_WARN__DUPLICATE_METHOD_MATCH = YES;
				COPY_PHASE_STRIP = YES;
				DEBUG_INFORMATION_FORMAT = "dwarf-with-dsym";
				GCC_C_LANGUAGE_STANDARD = gnu99;
				GCC_ENABLE_OBJC_EXCEPTIONS = YES;
				GCC_WARN_64_TO_32_BIT_CONVERSION = YES;
				GCC_WARN_ABOUT_RETURN_TYPE = YES;
				GCC_WARN_UNINITIALIZED_AUTOS = YES;
				GCC_WARN_UNUSED_VARIABLE = YES;
				MACOSX_DEPLOYMENT_TARGET = 10.8;
				SDKROOT = macosx;
				VALID_ARCHS = i386;
			};
			name = Release;
		};
		32FFC0811710F65900667EFC /* Debug */ = {
			isa = XCBuildConfiguration;
			buildSettings = {
				ARCHS = "$(ARCHS_STANDARD_32_BIT)";
				COMBINE_HIDPI_IMAGES = YES;
				FRAMEWORK_SEARCH_PATHS = (
					"$(inherited)",
					"$(SRCROOT)",
					"$(LOCAL_LIBRARY_DIR)/Frameworks",
					/Users/camallen/Dropbox/code/QuadBlocks,
					/Users/camallen/Dropbox/code/QuadBlocks/QuadBlocks,
				);
				GCC_PRECOMPILE_PREFIX_HEADER = NO;
				GCC_PREFIX_HEADER = "";
				GCC_PREPROCESSOR_DEFINITIONS = (
					"__TARGET_NAME__=\\\"$(PRODUCT_NAME)\\\"",
					"DEBUG=1",
				);
				HEADER_SEARCH_PATHS = /usr/local/include;
				INFOPLIST_FILE = "QuadBlocks/QuadBlocks-Info.plist";
				LIBRARY_SEARCH_PATHS = /usr/local/lib;
				OTHER_LDFLAGS = (
					"-lglew",
					"-lglfw",
				);
				PRODUCT_NAME = QuadBlocks;
				SDKROOT = macosx10.8;
				VALID_ARCHS = i386;
				WRAPPER_EXTENSION = app;
			};
			name = Debug;
		};
		32FFC0821710F65900667EFC /* Release */ = {
			isa = XCBuildConfiguration;
			buildSettings = {
				ARCHS = "$(ARCHS_STANDARD_32_BIT)";
				COMBINE_HIDPI_IMAGES = YES;
				FRAMEWORK_SEARCH_PATHS = (
					"$(inherited)",
					"$(SRCROOT)",
					"$(LOCAL_LIBRARY_DIR)/Frameworks",
					/Users/camallen/Dropbox/code/QuadBlocks,
					/Users/camallen/Dropbox/code/QuadBlocks/QuadBlocks,
				);
				GCC_PRECOMPILE_PREFIX_HEADER = NO;
				GCC_PREFIX_HEADER = "";
				GCC_PREPROCESSOR_DEFINITIONS = "__TARGET_NAME__=\\\"$(PRODUCT_NAME)\\\"";
				HEADER_SEARCH_PATHS = /usr/local/include;
				INFOPLIST_FILE = "QuadBlocks/QuadBlocks-Info.plist";
				LIBRARY_SEARCH_PATHS = /usr/local/lib;
				OTHER_LDFLAGS = (
					"-lglew",
					"-lglfw",
				);
				PRODUCT_NAME = QuadBlocks;
				SDKROOT = macosx10.8;
				VALID_ARCHS = i386;
				WRAPPER_EXTENSION = app;
			};
			name = Release;
		};
/* End XCBuildConfiguration section */

/* Begin XCConfigurationList section */
		32FFC05E1710F65900667EFC /* Build configuration list for PBXProject "QuadBlocks" */ = {
			isa = XCConfigurationList;
			buildConfigurations = (
				32FFC07E1710F65900667EFC /* Debug */,
				32FFC07F1710F65900667EFC /* Release */,
			);
			defaultConfigurationIsVisible = 0;
			defaultConfigurationName = Release;
		};
		32FFC0801710F65900667EFC /* Build configuration list for PBXNativeTarget "QuadBlocks" */ = {
			isa = XCConfigurationList;
			buildConfigurations = (
				32FFC0811710F65900667EFC /* Debug */,
				32FFC0821710F65900667EFC /* Release */,
			);
			defaultConfigurationIsVisible = 0;
			defaultConfigurationName = Release;
		};
/* End XCConfigurationList section */
	};
	rootObject = 32FFC05B1710F65900667EFC /* Project object */;
}
