// !$*UTF8*$!
{
	archiveVersion = 1;
	classes = {
	};
	objectVersion = 46;
	objects = {

/* Begin PBXBuildFile section */
		32AD906E171A68AB008E0827 /* tetromino.cpp in Sources */ = {isa = PBXBuildFile; fileRef = 32AD906C171A68AB008E0827 /* tetromino.cpp */; };
		32AD9077171B31DE008E0827 /* block.cpp in Sources */ = {isa = PBXBuildFile; fileRef = 32AD9075171B31DE008E0827 /* block.cpp */; };
		32DFB0381711073500515349 /* controller.cpp in Sources */ = {isa = PBXBuildFile; fileRef = 32DFB0371711073500515349 /* controller.cpp */; };
		32FFC0671710F65900667EFC /* Cocoa.framework in Frameworks */ = {isa = PBXBuildFile; fileRef = 32FFC0661710F65900667EFC /* Cocoa.framework */; };
		32FFC0731710F65900667EFC /* main.cpp in Sources */ = {isa = PBXBuildFile; fileRef = 32FFC0721710F65900667EFC /* main.cpp */; };
		32FFC07D1710F65900667EFC /* MainMenu.xib in Resources */ = {isa = PBXBuildFile; fileRef = 32FFC07B1710F65900667EFC /* MainMenu.xib */; };
		32FFC0841710F6C100667EFC /* OpenGL.framework in Frameworks */ = {isa = PBXBuildFile; fileRef = 32FFC0831710F6C100667EFC /* OpenGL.framework */; };
		32FFC08A1710F8E500667EFC /* Tetris.icns in Resources */ = {isa = PBXBuildFile; fileRef = 32FFC0891710F8E500667EFC /* Tetris.icns */; };
		FD029129178BAD390097A871 /* ui.css in Resources */ = {isa = PBXBuildFile; fileRef = FD029128178BAD390097A871 /* ui.css */; };
		FD02912E178C71790097A871 /* basic.vert in Resources */ = {isa = PBXBuildFile; fileRef = FD16CB9B173DE27500688EDC /* basic.vert */; };
		FD02912F178C71790097A871 /* basic.frag in Resources */ = {isa = PBXBuildFile; fileRef = FD16CB9C173DE27500688EDC /* basic.frag */; };
		FD029130178C71790097A871 /* ui.vert in Resources */ = {isa = PBXBuildFile; fileRef = FDE7EBCA1784EBA100A30B8A /* ui.vert */; };
		FD029131178C71790097A871 /* ui.frag in Resources */ = {isa = PBXBuildFile; fileRef = FDE7EBCC1784EBAE00A30B8A /* ui.frag */; };
		FD029132178C71790097A871 /* ui.html in Resources */ = {isa = PBXBuildFile; fileRef = FD3C17511788583F00C0C8DD /* ui.html */; };
		FD029133178C71790097A871 /* ui.js in Resources */ = {isa = PBXBuildFile; fileRef = FD02912B178BB8E30097A871 /* ui.js */; };
		FD13B3211735FF9800705C91 /* mesh.cpp in Sources */ = {isa = PBXBuildFile; fileRef = FD13B31F1735FF9800705C91 /* mesh.cpp */; };
		FD16CB9317361D2200688EDC /* ResourcePath.mm in Sources */ = {isa = PBXBuildFile; fileRef = FD16CB9117361D2200688EDC /* ResourcePath.mm */; };
		FD16CB97173B0EF000688EDC /* utility.cpp in Sources */ = {isa = PBXBuildFile; fileRef = FD16CB95173B0EEF00688EDC /* utility.cpp */; };
		FD16CBB31748920800688EDC /* camera.cpp in Sources */ = {isa = PBXBuildFile; fileRef = FD16CBB11748920800688EDC /* camera.cpp */; };
		FD16CBB6175011A300688EDC /* world.cpp in Sources */ = {isa = PBXBuildFile; fileRef = FD16CBB4175011A200688EDC /* world.cpp */; };
		FD36E0231753EA660041A762 /* block.xml in Resources */ = {isa = PBXBuildFile; fileRef = FD36E0221753EA660041A762 /* block.xml */; };
		FD36E0261753FAD30041A762 /* light.cpp in Sources */ = {isa = PBXBuildFile; fileRef = FD36E0241753FAD30041A762 /* light.cpp */; };
		FD36E043175A925E0041A762 /* well.cpp in Sources */ = {isa = PBXBuildFile; fileRef = FD36E041175A925D0041A762 /* well.cpp */; };
		FD36E046175A933F0041A762 /* garbage.cpp in Sources */ = {isa = PBXBuildFile; fileRef = FD36E044175A933F0041A762 /* garbage.cpp */; };
		FD36E04A175C260C0041A762 /* timer.cpp in Sources */ = {isa = PBXBuildFile; fileRef = FD36E049175C260C0041A762 /* timer.cpp */; };
		FD36E04D175C2BB10041A762 /* event_manager.cpp in Sources */ = {isa = PBXBuildFile; fileRef = FD36E04B175C2BB00041A762 /* event_manager.cpp */; };
		FD36E0511762BC070041A762 /* next_queue.cpp in Sources */ = {isa = PBXBuildFile; fileRef = FD36E04F1762BC060041A762 /* next_queue.cpp */; };
		FDE7EB961784A7F300A30B8A /* ui.cpp in Sources */ = {isa = PBXBuildFile; fileRef = FDE7EB941784A7F300A30B8A /* ui.cpp */; };
		FDE7EBC71784D83000A30B8A /* Awesomium.framework in Frameworks */ = {isa = PBXBuildFile; fileRef = FDE7EB921784A7BF00A30B8A /* Awesomium.framework */; };
		FDE7EBC91784DAE600A30B8A /* Awesomium.framework in CopyFiles */ = {isa = PBXBuildFile; fileRef = FDE7EB921784A7BF00A30B8A /* Awesomium.framework */; };
/* End PBXBuildFile section */

/* Begin PBXCopyFilesBuildPhase section */
		FDE7EBC81784DAD600A30B8A /* CopyFiles */ = {
			isa = PBXCopyFilesBuildPhase;
			buildActionMask = 2147483647;
			dstPath = "";
			dstSubfolderSpec = 16;
			files = (
				FDE7EBC91784DAE600A30B8A /* Awesomium.framework in CopyFiles */,
			);
			runOnlyForDeploymentPostprocessing = 0;
		};
/* End PBXCopyFilesBuildPhase section */

/* Begin PBXFileReference section */
		32AD906C171A68AB008E0827 /* tetromino.cpp */ = {isa = PBXFileReference; fileEncoding = 4; lastKnownFileType = sourcecode.cpp.cpp; path = tetromino.cpp; sourceTree = "<group>"; };
		32AD906D171A68AB008E0827 /* tetromino.h */ = {isa = PBXFileReference; fileEncoding = 4; lastKnownFileType = sourcecode.c.h; path = tetromino.h; sourceTree = "<group>"; };
		32AD9075171B31DE008E0827 /* block.cpp */ = {isa = PBXFileReference; fileEncoding = 4; lastKnownFileType = sourcecode.cpp.cpp; path = block.cpp; sourceTree = "<group>"; };
		32AD9076171B31DE008E0827 /* block.h */ = {isa = PBXFileReference; fileEncoding = 4; lastKnownFileType = sourcecode.c.h; path = block.h; sourceTree = "<group>"; };
		32DFB0361711073500515349 /* controller.h */ = {isa = PBXFileReference; fileEncoding = 4; lastKnownFileType = sourcecode.c.h; path = controller.h; sourceTree = "<group>"; };
		32DFB0371711073500515349 /* controller.cpp */ = {isa = PBXFileReference; fileEncoding = 4; lastKnownFileType = sourcecode.cpp.cpp; path = controller.cpp; sourceTree = "<group>"; };
		32DFB03917110B1C00515349 /* Tetris.iconset */ = {isa = PBXFileReference; lastKnownFileType = folder.iconset; path = Tetris.iconset; sourceTree = SOURCE_ROOT; };
		32DFB03A17110B1C00515349 /* tetris.png */ = {isa = PBXFileReference; lastKnownFileType = image.png; path = tetris.png; sourceTree = SOURCE_ROOT; };
		32FFC0631710F65900667EFC /* Tetris.app */ = {isa = PBXFileReference; explicitFileType = wrapper.application; includeInIndex = 0; path = Tetris.app; sourceTree = BUILT_PRODUCTS_DIR; };
		32FFC0661710F65900667EFC /* Cocoa.framework */ = {isa = PBXFileReference; lastKnownFileType = wrapper.framework; name = Cocoa.framework; path = System/Library/Frameworks/Cocoa.framework; sourceTree = SDKROOT; };
		32FFC0691710F65900667EFC /* AppKit.framework */ = {isa = PBXFileReference; lastKnownFileType = wrapper.framework; name = AppKit.framework; path = System/Library/Frameworks/AppKit.framework; sourceTree = SDKROOT; };
		32FFC06A1710F65900667EFC /* CoreData.framework */ = {isa = PBXFileReference; lastKnownFileType = wrapper.framework; name = CoreData.framework; path = System/Library/Frameworks/CoreData.framework; sourceTree = SDKROOT; };
		32FFC06B1710F65900667EFC /* Foundation.framework */ = {isa = PBXFileReference; lastKnownFileType = wrapper.framework; name = Foundation.framework; path = System/Library/Frameworks/Foundation.framework; sourceTree = SDKROOT; };
		32FFC06E1710F65900667EFC /* Tetris-Info.plist */ = {isa = PBXFileReference; lastKnownFileType = text.plist.xml; path = "Tetris-Info.plist"; sourceTree = "<group>"; };
		32FFC0721710F65900667EFC /* main.cpp */ = {isa = PBXFileReference; lastKnownFileType = sourcecode.cpp.cpp; path = main.cpp; sourceTree = "<group>"; };
		32FFC07C1710F65900667EFC /* en */ = {isa = PBXFileReference; lastKnownFileType = file.xib; name = en; path = en.lproj/MainMenu.xib; sourceTree = "<group>"; };
		32FFC0831710F6C100667EFC /* OpenGL.framework */ = {isa = PBXFileReference; lastKnownFileType = wrapper.framework; name = OpenGL.framework; path = System/Library/Frameworks/OpenGL.framework; sourceTree = SDKROOT; };
		32FFC0891710F8E500667EFC /* Tetris.icns */ = {isa = PBXFileReference; lastKnownFileType = image.icns; path = Tetris.icns; sourceTree = SOURCE_ROOT; };
		FD029128178BAD390097A871 /* ui.css */ = {isa = PBXFileReference; fileEncoding = 4; lastKnownFileType = text.css; path = ui.css; sourceTree = "<group>"; xcLanguageSpecificationIdentifier = xcode.lang.css; };
		FD02912B178BB8E30097A871 /* ui.js */ = {isa = PBXFileReference; fileEncoding = 4; lastKnownFileType = sourcecode.javascript; path = ui.js; sourceTree = "<group>"; };
		FD13B31F1735FF9800705C91 /* mesh.cpp */ = {isa = PBXFileReference; fileEncoding = 4; lastKnownFileType = sourcecode.cpp.cpp; path = mesh.cpp; sourceTree = "<group>"; };
		FD13B3201735FF9800705C91 /* mesh.h */ = {isa = PBXFileReference; fileEncoding = 4; lastKnownFileType = sourcecode.c.h; path = mesh.h; sourceTree = "<group>"; };
		FD16CB9117361D2200688EDC /* ResourcePath.mm */ = {isa = PBXFileReference; fileEncoding = 4; lastKnownFileType = sourcecode.cpp.objcpp; path = ResourcePath.mm; sourceTree = "<group>"; };
		FD16CB9217361D2200688EDC /* ResourcePath.h */ = {isa = PBXFileReference; fileEncoding = 4; lastKnownFileType = sourcecode.c.h; path = ResourcePath.h; sourceTree = "<group>"; };
		FD16CB95173B0EEF00688EDC /* utility.cpp */ = {isa = PBXFileReference; fileEncoding = 4; lastKnownFileType = sourcecode.cpp.cpp; path = utility.cpp; sourceTree = "<group>"; };
		FD16CB96173B0EF000688EDC /* utility.h */ = {isa = PBXFileReference; fileEncoding = 4; lastKnownFileType = sourcecode.c.h; path = utility.h; sourceTree = "<group>"; };
		FD16CB9B173DE27500688EDC /* basic.vert */ = {isa = PBXFileReference; fileEncoding = 4; lastKnownFileType = sourcecode.glsl; path = basic.vert; sourceTree = "<group>"; xcLanguageSpecificationIdentifier = xcode.lang.glsl; };
		FD16CB9C173DE27500688EDC /* basic.frag */ = {isa = PBXFileReference; fileEncoding = 4; lastKnownFileType = sourcecode.glsl; path = basic.frag; sourceTree = "<group>"; xcLanguageSpecificationIdentifier = xcode.lang.glsl; };
		FD16CBB11748920800688EDC /* camera.cpp */ = {isa = PBXFileReference; fileEncoding = 4; lastKnownFileType = sourcecode.cpp.cpp; path = camera.cpp; sourceTree = "<group>"; };
		FD16CBB21748920800688EDC /* camera.h */ = {isa = PBXFileReference; fileEncoding = 4; lastKnownFileType = sourcecode.c.h; path = camera.h; sourceTree = "<group>"; };
		FD16CBB4175011A200688EDC /* world.cpp */ = {isa = PBXFileReference; fileEncoding = 4; lastKnownFileType = sourcecode.cpp.cpp; path = world.cpp; sourceTree = "<group>"; };
		FD16CBB5175011A300688EDC /* world.h */ = {isa = PBXFileReference; fileEncoding = 4; lastKnownFileType = sourcecode.c.h; path = world.h; sourceTree = "<group>"; };
		FD36E0221753EA660041A762 /* block.xml */ = {isa = PBXFileReference; fileEncoding = 4; lastKnownFileType = text.xml; path = block.xml; sourceTree = "<group>"; };
		FD36E0241753FAD30041A762 /* light.cpp */ = {isa = PBXFileReference; fileEncoding = 4; lastKnownFileType = sourcecode.cpp.cpp; path = light.cpp; sourceTree = "<group>"; };
		FD36E0251753FAD30041A762 /* light.h */ = {isa = PBXFileReference; fileEncoding = 4; lastKnownFileType = sourcecode.c.h; path = light.h; sourceTree = "<group>"; };
		FD36E041175A925D0041A762 /* well.cpp */ = {isa = PBXFileReference; fileEncoding = 4; lastKnownFileType = sourcecode.cpp.cpp; path = well.cpp; sourceTree = "<group>"; };
		FD36E042175A925D0041A762 /* well.h */ = {isa = PBXFileReference; fileEncoding = 4; lastKnownFileType = sourcecode.c.h; path = well.h; sourceTree = "<group>"; };
		FD36E044175A933F0041A762 /* garbage.cpp */ = {isa = PBXFileReference; fileEncoding = 4; lastKnownFileType = sourcecode.cpp.cpp; path = garbage.cpp; sourceTree = "<group>"; };
		FD36E045175A933F0041A762 /* garbage.h */ = {isa = PBXFileReference; fileEncoding = 4; lastKnownFileType = sourcecode.c.h; path = garbage.h; sourceTree = "<group>"; };
		FD36E047175AA0A50041A762 /* constants.h */ = {isa = PBXFileReference; lastKnownFileType = sourcecode.c.h; path = constants.h; sourceTree = "<group>"; };
		FD36E048175C260B0041A762 /* timer.h */ = {isa = PBXFileReference; fileEncoding = 4; lastKnownFileType = sourcecode.c.h; path = timer.h; sourceTree = "<group>"; };
		FD36E049175C260C0041A762 /* timer.cpp */ = {isa = PBXFileReference; fileEncoding = 4; lastKnownFileType = sourcecode.cpp.cpp; path = timer.cpp; sourceTree = "<group>"; };
		FD36E04B175C2BB00041A762 /* event_manager.cpp */ = {isa = PBXFileReference; fileEncoding = 4; lastKnownFileType = sourcecode.cpp.cpp; path = event_manager.cpp; sourceTree = "<group>"; };
		FD36E04C175C2BB10041A762 /* event_manager.h */ = {isa = PBXFileReference; fileEncoding = 4; lastKnownFileType = sourcecode.c.h; path = event_manager.h; sourceTree = "<group>"; };
		FD36E04E175C4EFD0041A762 /* features-list.txt */ = {isa = PBXFileReference; lastKnownFileType = text; path = "features-list.txt"; sourceTree = "<group>"; };
		FD36E04F1762BC060041A762 /* next_queue.cpp */ = {isa = PBXFileReference; fileEncoding = 4; lastKnownFileType = sourcecode.cpp.cpp; path = next_queue.cpp; sourceTree = "<group>"; };
		FD36E0501762BC070041A762 /* next_queue.h */ = {isa = PBXFileReference; fileEncoding = 4; lastKnownFileType = sourcecode.c.h; path = next_queue.h; sourceTree = "<group>"; };
		FD3C17511788583F00C0C8DD /* ui.html */ = {isa = PBXFileReference; lastKnownFileType = text.html; path = ui.html; sourceTree = "<group>"; };
		FDE7EB921784A7BF00A30B8A /* Awesomium.framework */ = {isa = PBXFileReference; lastKnownFileType = wrapper.framework; name = Awesomium.framework; path = Tetris/Awesomium.framework; sourceTree = "<group>"; };
		FDE7EB941784A7F300A30B8A /* ui.cpp */ = {isa = PBXFileReference; fileEncoding = 4; lastKnownFileType = sourcecode.cpp.cpp; path = ui.cpp; sourceTree = "<group>"; };
		FDE7EB951784A7F300A30B8A /* ui.h */ = {isa = PBXFileReference; fileEncoding = 4; lastKnownFileType = sourcecode.c.h; path = ui.h; sourceTree = "<group>"; };
		FDE7EBCA1784EBA100A30B8A /* ui.vert */ = {isa = PBXFileReference; fileEncoding = 4; lastKnownFileType = sourcecode.glsl; path = ui.vert; sourceTree = "<group>"; xcLanguageSpecificationIdentifier = xcode.lang.glsl; };
		FDE7EBCC1784EBAE00A30B8A /* ui.frag */ = {isa = PBXFileReference; fileEncoding = 4; lastKnownFileType = sourcecode.glsl; path = ui.frag; sourceTree = "<group>"; xcLanguageSpecificationIdentifier = xcode.lang.glsl; };
/* End PBXFileReference section */

/* Begin PBXFrameworksBuildPhase section */
		32FFC0601710F65900667EFC /* Frameworks */ = {
			isa = PBXFrameworksBuildPhase;
			buildActionMask = 2147483647;
			files = (
				FDE7EBC71784D83000A30B8A /* Awesomium.framework in Frameworks */,
				32FFC0841710F6C100667EFC /* OpenGL.framework in Frameworks */,
				32FFC0671710F65900667EFC /* Cocoa.framework in Frameworks */,
			);
			runOnlyForDeploymentPostprocessing = 0;
		};
/* End PBXFrameworksBuildPhase section */

/* Begin PBXGroup section */
		32FFC05A1710F65900667EFC = {
			isa = PBXGroup;
			children = (
				32FFC0831710F6C100667EFC /* OpenGL.framework */,
				32FFC06C1710F65900667EFC /* Tetris */,
				32FFC0651710F65900667EFC /* Frameworks */,
				32FFC0641710F65900667EFC /* Products */,
			);
			sourceTree = "<group>";
		};
		32FFC0641710F65900667EFC /* Products */ = {
			isa = PBXGroup;
			children = (
				32FFC0631710F65900667EFC /* Tetris.app */,
			);
			name = Products;
			sourceTree = "<group>";
		};
		32FFC0651710F65900667EFC /* Frameworks */ = {
			isa = PBXGroup;
			children = (
				FDE7EB921784A7BF00A30B8A /* Awesomium.framework */,
				32FFC0661710F65900667EFC /* Cocoa.framework */,
				32FFC0681710F65900667EFC /* Other Frameworks */,
			);
			name = Frameworks;
			sourceTree = "<group>";
		};
		32FFC0681710F65900667EFC /* Other Frameworks */ = {
			isa = PBXGroup;
			children = (
				32FFC0691710F65900667EFC /* AppKit.framework */,
				32FFC06A1710F65900667EFC /* CoreData.framework */,
				32FFC06B1710F65900667EFC /* Foundation.framework */,
			);
			name = "Other Frameworks";
			sourceTree = "<group>";
		};
		32FFC06C1710F65900667EFC /* Tetris */ = {
			isa = PBXGroup;
			children = (
				FD36E04E175C4EFD0041A762 /* features-list.txt */,
				32AD9075171B31DE008E0827 /* block.cpp */,
				32AD9076171B31DE008E0827 /* block.h */,
				FD16CBB11748920800688EDC /* camera.cpp */,
				FD16CBB21748920800688EDC /* camera.h */,
				FD36E047175AA0A50041A762 /* constants.h */,
				32DFB0371711073500515349 /* controller.cpp */,
				32DFB0361711073500515349 /* controller.h */,
				FD36E04B175C2BB00041A762 /* event_manager.cpp */,
				FD36E04C175C2BB10041A762 /* event_manager.h */,
				FD36E044175A933F0041A762 /* garbage.cpp */,
				FD36E045175A933F0041A762 /* garbage.h */,
				FD36E0241753FAD30041A762 /* light.cpp */,
				FD36E0251753FAD30041A762 /* light.h */,
				32FFC0721710F65900667EFC /* main.cpp */,
				FD13B31F1735FF9800705C91 /* mesh.cpp */,
				FD13B3201735FF9800705C91 /* mesh.h */,
				FD36E04F1762BC060041A762 /* next_queue.cpp */,
				FD36E0501762BC070041A762 /* next_queue.h */,
				32AD906C171A68AB008E0827 /* tetromino.cpp */,
				32AD906D171A68AB008E0827 /* tetromino.h */,
				FD36E049175C260C0041A762 /* timer.cpp */,
				FD36E048175C260B0041A762 /* timer.h */,
				FDE7EB941784A7F300A30B8A /* ui.cpp */,
				FDE7EB951784A7F300A30B8A /* ui.h */,
				FD16CB95173B0EEF00688EDC /* utility.cpp */,
				FD16CB96173B0EF000688EDC /* utility.h */,
				FD36E041175A925D0041A762 /* well.cpp */,
				FD36E042175A925D0041A762 /* well.h */,
				FD16CBB4175011A200688EDC /* world.cpp */,
				FD16CBB5175011A300688EDC /* world.h */,
				FD16CB9F173DE28F00688EDC /* Shaders */,
				FD13B31E1735FD9A00705C91 /* Resources */,
				32FFC06D1710F65900667EFC /* Supporting Files */,
			);
			path = Tetris;
			sourceTree = "<group>";
		};
		32FFC06D1710F65900667EFC /* Supporting Files */ = {
			isa = PBXGroup;
			children = (
				32FFC07B1710F65900667EFC /* MainMenu.xib */,
				FD16CB9217361D2200688EDC /* ResourcePath.h */,
				FD16CB9117361D2200688EDC /* ResourcePath.mm */,
				32DFB03917110B1C00515349 /* Tetris.iconset */,
				32FFC0891710F8E500667EFC /* Tetris.icns */,
				32DFB03A17110B1C00515349 /* tetris.png */,
				32FFC06E1710F65900667EFC /* Tetris-Info.plist */,
			);
			name = "Supporting Files";
			sourceTree = "<group>";
		};
		FD13B31E1735FD9A00705C91 /* Resources */ = {
			isa = PBXGroup;
			children = (
				FD029128178BAD390097A871 /* ui.css */,
				FD3C17511788583F00C0C8DD /* ui.html */,
				FD02912B178BB8E30097A871 /* ui.js */,
				FD36E0221753EA660041A762 /* block.xml */,
			);
			name = Resources;
			sourceTree = "<group>";
		};
		FD16CB9F173DE28F00688EDC /* Shaders */ = {
			isa = PBXGroup;
			children = (
				FD16CB9B173DE27500688EDC /* basic.vert */,
				FD16CB9C173DE27500688EDC /* basic.frag */,
				FDE7EBCA1784EBA100A30B8A /* ui.vert */,
				FDE7EBCC1784EBAE00A30B8A /* ui.frag */,
			);
			name = Shaders;
			sourceTree = "<group>";
		};
/* End PBXGroup section */

/* Begin PBXNativeTarget section */
		32FFC0621710F65900667EFC /* Tetris */ = {
			isa = PBXNativeTarget;
			buildConfigurationList = 32FFC0801710F65900667EFC /* Build configuration list for PBXNativeTarget "Tetris" */;
			buildPhases = (
				32FFC05F1710F65900667EFC /* Sources */,
				32FFC0601710F65900667EFC /* Frameworks */,
				32FFC0611710F65900667EFC /* Resources */,
				FDE7EBC81784DAD600A30B8A /* CopyFiles */,
			);
			buildRules = (
			);
			dependencies = (
			);
			name = Tetris;
			productName = Tetris;
			productReference = 32FFC0631710F65900667EFC /* Tetris.app */;
			productType = "com.apple.product-type.application";
		};
/* End PBXNativeTarget section */

/* Begin PBXProject section */
		32FFC05B1710F65900667EFC /* Project object */ = {
			isa = PBXProject;
			attributes = {
				LastUpgradeCheck = 0460;
				ORGANIZATIONNAME = "Cam Allen";
			};
			buildConfigurationList = 32FFC05E1710F65900667EFC /* Build configuration list for PBXProject "Tetris" */;
			compatibilityVersion = "Xcode 3.2";
			developmentRegion = English;
			hasScannedForEncodings = 0;
			knownRegions = (
				en,
			);
			mainGroup = 32FFC05A1710F65900667EFC;
			productRefGroup = 32FFC0641710F65900667EFC /* Products */;
			projectDirPath = "";
			projectRoot = "";
			targets = (
				32FFC0621710F65900667EFC /* Tetris */,
			);
		};
/* End PBXProject section */

/* Begin PBXResourcesBuildPhase section */
		32FFC0611710F65900667EFC /* Resources */ = {
			isa = PBXResourcesBuildPhase;
			buildActionMask = 2147483647;
			files = (
				32FFC07D1710F65900667EFC /* MainMenu.xib in Resources */,
				32FFC08A1710F8E500667EFC /* Tetris.icns in Resources */,
				FD36E0231753EA660041A762 /* block.xml in Resources */,
				FD02912E178C71790097A871 /* basic.vert in Resources */,
				FD02912F178C71790097A871 /* basic.frag in Resources */,
				FD029130178C71790097A871 /* ui.vert in Resources */,
				FD029131178C71790097A871 /* ui.frag in Resources */,
				FD029132178C71790097A871 /* ui.html in Resources */,
				FD029129178BAD390097A871 /* ui.css in Resources */,
				FD029133178C71790097A871 /* ui.js in Resources */,
			);
			runOnlyForDeploymentPostprocessing = 0;
		};
/* End PBXResourcesBuildPhase section */

/* Begin PBXSourcesBuildPhase section */
		32FFC05F1710F65900667EFC /* Sources */ = {
			isa = PBXSourcesBuildPhase;
			buildActionMask = 2147483647;
			files = (
				32FFC0731710F65900667EFC /* main.cpp in Sources */,
				32DFB0381711073500515349 /* controller.cpp in Sources */,
				32AD906E171A68AB008E0827 /* tetromino.cpp in Sources */,
				32AD9077171B31DE008E0827 /* block.cpp in Sources */,
				FD13B3211735FF9800705C91 /* mesh.cpp in Sources */,
				FD16CB9317361D2200688EDC /* ResourcePath.mm in Sources */,
				FD16CB97173B0EF000688EDC /* utility.cpp in Sources */,
				FD16CBB31748920800688EDC /* camera.cpp in Sources */,
				FD16CBB6175011A300688EDC /* world.cpp in Sources */,
				FD36E0261753FAD30041A762 /* light.cpp in Sources */,
				FD36E043175A925E0041A762 /* well.cpp in Sources */,
				FD36E046175A933F0041A762 /* garbage.cpp in Sources */,
				FD36E04A175C260C0041A762 /* timer.cpp in Sources */,
				FD36E04D175C2BB10041A762 /* event_manager.cpp in Sources */,
				FD36E0511762BC070041A762 /* next_queue.cpp in Sources */,
				FDE7EB961784A7F300A30B8A /* ui.cpp in Sources */,
			);
			runOnlyForDeploymentPostprocessing = 0;
		};
/* End PBXSourcesBuildPhase section */

/* Begin PBXVariantGroup section */
		32FFC07B1710F65900667EFC /* MainMenu.xib */ = {
			isa = PBXVariantGroup;
			children = (
				32FFC07C1710F65900667EFC /* en */,
			);
			name = MainMenu.xib;
			sourceTree = "<group>";
		};
/* End PBXVariantGroup section */

/* Begin XCBuildConfiguration section */
		32FFC07E1710F65900667EFC /* Debug */ = {
			isa = XCBuildConfiguration;
			buildSettings = {
				ALWAYS_SEARCH_USER_PATHS = NO;
				ARCHS = "$(ARCHS_STANDARD_64_BIT)";
				CLANG_CXX_LANGUAGE_STANDARD = "gnu++0x";
				CLANG_CXX_LIBRARY = "libc++";
				CLANG_WARN_CONSTANT_CONVERSION = YES;
				CLANG_WARN_EMPTY_BODY = YES;
				CLANG_WARN_ENUM_CONVERSION = YES;
				CLANG_WARN_INT_CONVERSION = YES;
				CLANG_WARN__DUPLICATE_METHOD_MATCH = YES;
				COPY_PHASE_STRIP = NO;
				GCC_C_LANGUAGE_STANDARD = gnu99;
				GCC_DYNAMIC_NO_PIC = NO;
				GCC_ENABLE_OBJC_EXCEPTIONS = YES;
				GCC_OPTIMIZATION_LEVEL = 0;
				GCC_PREPROCESSOR_DEFINITIONS = (
					"DEBUG=1",
					"$(inherited)",
				);
				GCC_SYMBOLS_PRIVATE_EXTERN = NO;
				GCC_WARN_64_TO_32_BIT_CONVERSION = YES;
				GCC_WARN_ABOUT_RETURN_TYPE = YES;
				GCC_WARN_UNINITIALIZED_AUTOS = YES;
				GCC_WARN_UNUSED_VARIABLE = YES;
				MACOSX_DEPLOYMENT_TARGET = 10.8;
				ONLY_ACTIVE_ARCH = YES;
				SDKROOT = macosx;
			};
			name = Debug;
		};
		32FFC07F1710F65900667EFC /* Release */ = {
			isa = XCBuildConfiguration;
			buildSettings = {
				ALWAYS_SEARCH_USER_PATHS = NO;
				ARCHS = "$(ARCHS_STANDARD_64_BIT)";
				CLANG_CXX_LANGUAGE_STANDARD = "gnu++0x";
				CLANG_CXX_LIBRARY = "libc++";
				CLANG_WARN_CONSTANT_CONVERSION = YES;
				CLANG_WARN_EMPTY_BODY = YES;
				CLANG_WARN_ENUM_CONVERSION = YES;
				CLANG_WARN_INT_CONVERSION = YES;
				CLANG_WARN__DUPLICATE_METHOD_MATCH = YES;
				COPY_PHASE_STRIP = YES;
				DEBUG_INFORMATION_FORMAT = "dwarf-with-dsym";
				GCC_C_LANGUAGE_STANDARD = gnu99;
				GCC_ENABLE_OBJC_EXCEPTIONS = YES;
				GCC_WARN_64_TO_32_BIT_CONVERSION = YES;
				GCC_WARN_ABOUT_RETURN_TYPE = YES;
				GCC_WARN_UNINITIALIZED_AUTOS = YES;
				GCC_WARN_UNUSED_VARIABLE = YES;
				MACOSX_DEPLOYMENT_TARGET = 10.8;
				SDKROOT = macosx;
			};
			name = Release;
		};
		32FFC0811710F65900667EFC /* Debug */ = {
			isa = XCBuildConfiguration;
			buildSettings = {
				ARCHS = "$(ARCHS_STANDARD_32_BIT)";
				COMBINE_HIDPI_IMAGES = YES;
				FRAMEWORK_SEARCH_PATHS = (
					"$(inherited)",
					"\"$(SRCROOT)\"",
					"\"$(SRCROOT)/Tetris\"",
				);
				GCC_PRECOMPILE_PREFIX_HEADER = NO;
				GCC_PREFIX_HEADER = "";
				GCC_PREPROCESSOR_DEFINITIONS = (
					"__TARGET_NAME__=\\\"$(PRODUCT_NAME)\\\"",
					"DEBUG=1",
				);
				HEADER_SEARCH_PATHS = /usr/local/include;
				INFOPLIST_FILE = "Tetris/Tetris-Info.plist";
				LIBRARY_SEARCH_PATHS = /usr/local/lib;
				OTHER_LDFLAGS = (
					"-lglew",
					"-lglfw",
				);
				PRODUCT_NAME = "$(TARGET_NAME)";
				VALID_ARCHS = i386;
				WRAPPER_EXTENSION = app;
			};
			name = Debug;
		};
		32FFC0821710F65900667EFC /* Release */ = {
			isa = XCBuildConfiguration;
			buildSettings = {
				ARCHS = "$(ARCHS_STANDARD_32_BIT)";
				COMBINE_HIDPI_IMAGES = YES;
				FRAMEWORK_SEARCH_PATHS = (
					"$(inherited)",
					"\"$(SRCROOT)\"",
					"\"$(SRCROOT)/Tetris\"",
				);
				GCC_PRECOMPILE_PREFIX_HEADER = NO;
				GCC_PREFIX_HEADER = "";
				GCC_PREPROCESSOR_DEFINITIONS = "__TARGET_NAME__=\\\"$(PRODUCT_NAME)\\\"";
				HEADER_SEARCH_PATHS = /usr/local/include;
				INFOPLIST_FILE = "Tetris/Tetris-Info.plist";
				LIBRARY_SEARCH_PATHS = /usr/local/lib;
				OTHER_LDFLAGS = (
					"-lglew",
					"-lglfw",
				);
				PRODUCT_NAME = "$(TARGET_NAME)";
				VALID_ARCHS = i386;
				WRAPPER_EXTENSION = app;
			};
			name = Release;
		};
/* End XCBuildConfiguration section */

/* Begin XCConfigurationList section */
		32FFC05E1710F65900667EFC /* Build configuration list for PBXProject "Tetris" */ = {
			isa = XCConfigurationList;
			buildConfigurations = (
				32FFC07E1710F65900667EFC /* Debug */,
				32FFC07F1710F65900667EFC /* Release */,
			);
			defaultConfigurationIsVisible = 0;
			defaultConfigurationName = Release;
		};
		32FFC0801710F65900667EFC /* Build configuration list for PBXNativeTarget "Tetris" */ = {
			isa = XCConfigurationList;
			buildConfigurations = (
				32FFC0811710F65900667EFC /* Debug */,
				32FFC0821710F65900667EFC /* Release */,
			);
			defaultConfigurationIsVisible = 0;
			defaultConfigurationName = Release;
		};
/* End XCConfigurationList section */
	};
	rootObject = 32FFC05B1710F65900667EFC /* Project object */;
}
